
Microsoft Visual Studio Solution File, Format Version 12.00
# Visual Studio Version 17
VisualStudioVersion = 17.0.32112.339
MinimumVisualStudioVersion = 10.0.40219.1
Project("{9A19103F-16F7-4668-BE54-9A1E7A4F7556}") = "First_WPF_Application", "First_WPF_Application\First_WPF_Application.csproj", "{8CB81A94-E89A-4EB2-97E0-C92A6FD53BDF}"
EndProject
Project("{9A19103F-16F7-4668-BE54-9A1E7A4F7556}") = "WPF-VowelsAndConsonants", "WPF-VowelsAndConsonants\WPF-VowelsAndConsonants.csproj", "{28ABFEE5-C8EB-4DCB-A5C3-414A1CE505FC}"
EndProject
Project("{9A19103F-16F7-4668-BE54-9A1E7A4F7556}") = "WPF-Classes", "WPF-Classes\WPF-Classes.csproj", "{122C5FF8-4D40-42C1-8336-62D2F5D9D2C9}"
EndProject
Project("{FAE04EC0-301F-11D3-BF4B-00C04F79EFBC}") = "JSON-ChuckNorrisJokes", "JSON-ChuckNorrisJokes\JSON-ChuckNorrisJokes.csproj", "{2DD48052-1881-45E6-B332-627651FC77FF}"
EndProject
Global
	GlobalSection(SolutionConfigurationPlatforms) = preSolution
		Debug|Any CPU = Debug|Any CPU
		Release|Any CPU = Release|Any CPU
	EndGlobalSection
	GlobalSection(ProjectConfigurationPlatforms) = postSolution
		{8CB81A94-E89A-4EB2-97E0-C92A6FD53BDF}.Debug|Any CPU.ActiveCfg = Debug|Any CPU
		{8CB81A94-E89A-4EB2-97E0-C92A6FD53BDF}.Debug|Any CPU.Build.0 = Debug|Any CPU
		{8CB81A94-E89A-4EB2-97E0-C92A6FD53BDF}.Release|Any CPU.ActiveCfg = Release|Any CPU
		{8CB81A94-E89A-4EB2-97E0-C92A6FD53BDF}.Release|Any CPU.Build.0 = Release|Any CPU
		{28ABFEE5-C8EB-4DCB-A5C3-414A1CE505FC}.Debug|Any CPU.ActiveCfg = Debug|Any CPU
		{28ABFEE5-C8EB-4DCB-A5C3-414A1CE505FC}.Debug|Any CPU.Build.0 = Debug|Any CPU
		{28ABFEE5-C8EB-4DCB-A5C3-414A1CE505FC}.Release|Any CPU.ActiveCfg = Release|Any CPU
		{28ABFEE5-C8EB-4DCB-A5C3-414A1CE505FC}.Release|Any CPU.Build.0 = Release|Any CPU
		{122C5FF8-4D40-42C1-8336-62D2F5D9D2C9}.Debug|Any CPU.ActiveCfg = Debug|Any CPU
		{122C5FF8-4D40-42C1-8336-62D2F5D9D2C9}.Debug|Any CPU.Build.0 = Debug|Any CPU
		{122C5FF8-4D40-42C1-8336-62D2F5D9D2C9}.Release|Any CPU.ActiveCfg = Release|Any CPU
		{122C5FF8-4D40-42C1-8336-62D2F5D9D2C9}.Release|Any CPU.Build.0 = Release|Any CPU
		{2DD48052-1881-45E6-B332-627651FC77FF}.Debug|Any CPU.ActiveCfg = Debug|Any CPU
		{2DD48052-1881-45E6-B332-627651FC77FF}.Debug|Any CPU.Build.0 = Debug|Any CPU
		{2DD48052-1881-45E6-B332-627651FC77FF}.Release|Any CPU.ActiveCfg = Release|Any CPU
		{2DD48052-1881-45E6-B332-627651FC77FF}.Release|Any CPU.Build.0 = Release|Any CPU
	EndGlobalSection
	GlobalSection(SolutionProperties) = preSolution
		HideSolutionNode = FALSE
	EndGlobalSection
	GlobalSection(ExtensibilityGlobals) = postSolution
		SolutionGuid = {06026747-BF26-4134-A531-B9986CA6B47E}
	EndGlobalSection
EndGlobal
