
Microsoft Visual Studio Solution File, Format Version 12.00
# Visual Studio Version 17
VisualStudioVersion = 17.0.32112.339
MinimumVisualStudioVersion = 10.0.40219.1
Project("{9A19103F-16F7-4668-BE54-9A1E7A4F7556}") = "MyFirstWPFApplication", "MyFirstWPFApplication\MyFirstWPFApplication.csproj", "{43F56403-5BE9-4147-A9CD-D1438439450A}"
EndProject
Project("{9A19103F-16F7-4668-BE54-9A1E7A4F7556}") = "WPF-ReadingFilesAndProcessingData", "WPF-ReadingFilesAndProcessingData\WPF-ReadingFilesAndProcessingData.csproj", "{D9CB3C20-361F-439B-9122-48989989115B}"
EndProject
Project("{FAE04EC0-301F-11D3-BF4B-00C04F79EFBC}") = "WPF-JSON", "WPF-JSON\WPF-JSON.csproj", "{465DB11A-761C-4683-AADA-1E103952561C}"
EndProject
Global
	GlobalSection(SolutionConfigurationPlatforms) = preSolution
		Debug|Any CPU = Debug|Any CPU
		Release|Any CPU = Release|Any CPU
	EndGlobalSection
	GlobalSection(ProjectConfigurationPlatforms) = postSolution
		{43F56403-5BE9-4147-A9CD-D1438439450A}.Debug|Any CPU.ActiveCfg = Debug|Any CPU
		{43F56403-5BE9-4147-A9CD-D1438439450A}.Debug|Any CPU.Build.0 = Debug|Any CPU
		{43F56403-5BE9-4147-A9CD-D1438439450A}.Release|Any CPU.ActiveCfg = Release|Any CPU
		{43F56403-5BE9-4147-A9CD-D1438439450A}.Release|Any CPU.Build.0 = Release|Any CPU
		{D9CB3C20-361F-439B-9122-48989989115B}.Debug|Any CPU.ActiveCfg = Debug|Any CPU
		{D9CB3C20-361F-439B-9122-48989989115B}.Debug|Any CPU.Build.0 = Debug|Any CPU
		{D9CB3C20-361F-439B-9122-48989989115B}.Release|Any CPU.ActiveCfg = Release|Any CPU
		{D9CB3C20-361F-439B-9122-48989989115B}.Release|Any CPU.Build.0 = Release|Any CPU
		{465DB11A-761C-4683-AADA-1E103952561C}.Debug|Any CPU.ActiveCfg = Debug|Any CPU
		{465DB11A-761C-4683-AADA-1E103952561C}.Debug|Any CPU.Build.0 = Debug|Any CPU
		{465DB11A-761C-4683-AADA-1E103952561C}.Release|Any CPU.ActiveCfg = Release|Any CPU
		{465DB11A-761C-4683-AADA-1E103952561C}.Release|Any CPU.Build.0 = Release|Any CPU
	EndGlobalSection
	GlobalSection(SolutionProperties) = preSolution
		HideSolutionNode = FALSE
	EndGlobalSection
	GlobalSection(ExtensibilityGlobals) = postSolution
		SolutionGuid = {851B7D70-4F7D-4255-9B4B-3610DB40B497}
	EndGlobalSection
EndGlobal
